
Microsoft Visual Studio Solution File, Format Version 12.00
# Visual Studio Version 17
VisualStudioVersion = 17.2.32516.85
MinimumVisualStudioVersion = 10.0.40219.1
Project("{FAE04EC0-301F-11D3-BF4B-00C04F79EFBC}") = "Redis_Demo_API", "Redis_Demo_API\Redis_Demo_API.csproj", "{12EB79C8-B08E-45AA-93FE-0590771B81C8}"
EndProject
Global
	GlobalSection(SolutionConfigurationPlatforms) = preSolution
		Debug|Any CPU = Debug|Any CPU
		Release|Any CPU = Release|Any CPU
	EndGlobalSection
	GlobalSection(ProjectConfigurationPlatforms) = postSolution
		{12EB79C8-B08E-45AA-93FE-0590771B81C8}.Debug|Any CPU.ActiveCfg = Debug|Any CPU
		{12EB79C8-B08E-45AA-93FE-0590771B81C8}.Debug|Any CPU.Build.0 = Debug|Any CPU
		{12EB79C8-B08E-45AA-93FE-0590771B81C8}.Release|Any CPU.ActiveCfg = Release|Any CPU
		{12EB79C8-B08E-45AA-93FE-0590771B81C8}.Release|Any CPU.Build.0 = Release|Any CPU
	EndGlobalSection
	GlobalSection(SolutionProperties) = preSolution
		HideSolutionNode = FALSE
	EndGlobalSection
	GlobalSection(ExtensibilityGlobals) = postSolution
		SolutionGuid = {FF7BA616-D56E-4955-A2E8-DF956C1781E9}
	EndGlobalSection
EndGlobal
